
Microsoft Visual Studio Solution File, Format Version 12.00
# Visual Studio Version 17
VisualStudioVersion = 17.9.34616.47
MinimumVisualStudioVersion = 10.0.40219.1
Project("{FAE04EC0-301F-11D3-BF4B-00C04F79EFBC}") = "Lab1", "Lab1\Lab1.csproj", "{D3CC237E-561B-4D3B-BB97-B3246EE0CB68}"
EndProject
Global
	GlobalSection(SolutionConfigurationPlatforms) = preSolution
		Debug|Any CPU = Debug|Any CPU
		Release|Any CPU = Release|Any CPU
	EndGlobalSection
	GlobalSection(ProjectConfigurationPlatforms) = postSolution
		{D3CC237E-561B-4D3B-BB97-B3246EE0CB68}.Debug|Any CPU.ActiveCfg = Debug|Any CPU
		{D3CC237E-561B-4D3B-BB97-B3246EE0CB68}.Debug|Any CPU.Build.0 = Debug|Any CPU
		{D3CC237E-561B-4D3B-BB97-B3246EE0CB68}.Release|Any CPU.ActiveCfg = Release|Any CPU
		{D3CC237E-561B-4D3B-BB97-B3246EE0CB68}.Release|Any CPU.Build.0 = Release|Any CPU
	EndGlobalSection
	GlobalSection(SolutionProperties) = preSolution
		HideSolutionNode = FALSE
	EndGlobalSection
	GlobalSection(ExtensibilityGlobals) = postSolution
		SolutionGuid = {D2CEA68A-05F8-4DAE-8927-9886AFB48880}
	EndGlobalSection
EndGlobal
